
Microsoft Visual Studio Solution File, Format Version 12.00
# Visual Studio 14
VisualStudioVersion = 14.0.25123.0
MinimumVisualStudioVersion = 10.0.40219.1
Project("{2150E333-8FDC-42A3-9474-1A3956D46DE8}") = "src", "src", "{6F85D01C-1A34-4FB7-8F63-C37DC0EA9389}"
EndProject
Project("{2150E333-8FDC-42A3-9474-1A3956D46DE8}") = "Solution Items", "Solution Items", "{0CA22C3E-8686-4F69-BCCA-FBC476261588}"
	ProjectSection(SolutionItems) = preProject
		global.json = global.json
	EndProjectSection
EndProject
Project("{8BB2217D-0F2D-49D1-97BC-3654ED321F3B}") = "angularFun", "src\angularFun\angularFun.xproj", "{8D888932-0711-4818-ADC6-5E7FC2C7A045}"
EndProject
Global
	GlobalSection(SolutionConfigurationPlatforms) = preSolution
		Debug|Any CPU = Debug|Any CPU
		Release|Any CPU = Release|Any CPU
	EndGlobalSection
	GlobalSection(ProjectConfigurationPlatforms) = postSolution
		{8D888932-0711-4818-ADC6-5E7FC2C7A045}.Debug|Any CPU.ActiveCfg = Debug|Any CPU
		{8D888932-0711-4818-ADC6-5E7FC2C7A045}.Debug|Any CPU.Build.0 = Debug|Any CPU
		{8D888932-0711-4818-ADC6-5E7FC2C7A045}.Release|Any CPU.ActiveCfg = Release|Any CPU
		{8D888932-0711-4818-ADC6-5E7FC2C7A045}.Release|Any CPU.Build.0 = Release|Any CPU
	EndGlobalSection
	GlobalSection(SolutionProperties) = preSolution
		HideSolutionNode = FALSE
	EndGlobalSection
	GlobalSection(NestedProjects) = preSolution
		{8D888932-0711-4818-ADC6-5E7FC2C7A045} = {6F85D01C-1A34-4FB7-8F63-C37DC0EA9389}
	EndGlobalSection
EndGlobal
